
Microsoft Visual Studio Solution File, Format Version 12.00
# Visual Studio 15
VisualStudioVersion = 15.0.27130.2010
MinimumVisualStudioVersion = 10.0.40219.1
Project("{FAE04EC0-301F-11D3-BF4B-00C04F79EFBC}") = "DSA", "DSA\DSA.csproj", "{D09D532A-0FE3-46FE-9B22-C8286DB87619}"
EndProject
Project("{FAE04EC0-301F-11D3-BF4B-00C04F79EFBC}") = "Algos", "Algos\Algos.csproj", "{5C9E0167-5448-48F3-BA31-305BCB6D7707}"
EndProject
Project("{FAE04EC0-301F-11D3-BF4B-00C04F79EFBC}") = "DSA.Tests", "DSA.Tests\DSA.Tests.csproj", "{5EADC49A-E33E-40E6-BD42-5579E10B7331}"
EndProject
Global
	GlobalSection(SolutionConfigurationPlatforms) = preSolution
		Debug|Any CPU = Debug|Any CPU
		Release|Any CPU = Release|Any CPU
	EndGlobalSection
	GlobalSection(ProjectConfigurationPlatforms) = postSolution
		{D09D532A-0FE3-46FE-9B22-C8286DB87619}.Debug|Any CPU.ActiveCfg = Debug|Any CPU
		{D09D532A-0FE3-46FE-9B22-C8286DB87619}.Debug|Any CPU.Build.0 = Debug|Any CPU
		{D09D532A-0FE3-46FE-9B22-C8286DB87619}.Release|Any CPU.ActiveCfg = Release|Any CPU
		{D09D532A-0FE3-46FE-9B22-C8286DB87619}.Release|Any CPU.Build.0 = Release|Any CPU
		{5C9E0167-5448-48F3-BA31-305BCB6D7707}.Debug|Any CPU.ActiveCfg = Debug|Any CPU
		{5C9E0167-5448-48F3-BA31-305BCB6D7707}.Debug|Any CPU.Build.0 = Debug|Any CPU
		{5C9E0167-5448-48F3-BA31-305BCB6D7707}.Release|Any CPU.ActiveCfg = Release|Any CPU
		{5C9E0167-5448-48F3-BA31-305BCB6D7707}.Release|Any CPU.Build.0 = Release|Any CPU
		{5EADC49A-E33E-40E6-BD42-5579E10B7331}.Debug|Any CPU.ActiveCfg = Debug|Any CPU
		{5EADC49A-E33E-40E6-BD42-5579E10B7331}.Debug|Any CPU.Build.0 = Debug|Any CPU
		{5EADC49A-E33E-40E6-BD42-5579E10B7331}.Release|Any CPU.ActiveCfg = Release|Any CPU
		{5EADC49A-E33E-40E6-BD42-5579E10B7331}.Release|Any CPU.Build.0 = Release|Any CPU
	EndGlobalSection
	GlobalSection(SolutionProperties) = preSolution
		HideSolutionNode = FALSE
	EndGlobalSection
	GlobalSection(ExtensibilityGlobals) = postSolution
		SolutionGuid = {E164C0B7-C85E-45AB-A234-A23010FDC17A}
	EndGlobalSection
EndGlobal
